
Microsoft Visual Studio Solution File, Format Version 12.00
# Visual Studio Version 16
VisualStudioVersion = 16.0.31321.278
MinimumVisualStudioVersion = 10.0.40219.1
Project("{FAE04EC0-301F-11D3-BF4B-00C04F79EFBC}") = "Tetris", "Tetris\Tetris.csproj", "{A9817A02-6748-4307-8E02-2C5379236A38}"
EndProject
Project("{FAE04EC0-301F-11D3-BF4B-00C04F79EFBC}") = "Collections", "Collections\Collections.csproj", "{B551A14B-B770-476B-A0F1-A73C74BB0A91}"
EndProject
Global
	GlobalSection(SolutionConfigurationPlatforms) = preSolution
		Debug|Any CPU = Debug|Any CPU
		Release|Any CPU = Release|Any CPU
	EndGlobalSection
	GlobalSection(ProjectConfigurationPlatforms) = postSolution
		{A9817A02-6748-4307-8E02-2C5379236A38}.Debug|Any CPU.ActiveCfg = Debug|Any CPU
		{A9817A02-6748-4307-8E02-2C5379236A38}.Debug|Any CPU.Build.0 = Debug|Any CPU
		{A9817A02-6748-4307-8E02-2C5379236A38}.Release|Any CPU.ActiveCfg = Release|Any CPU
		{A9817A02-6748-4307-8E02-2C5379236A38}.Release|Any CPU.Build.0 = Release|Any CPU
		{B551A14B-B770-476B-A0F1-A73C74BB0A91}.Debug|Any CPU.ActiveCfg = Debug|Any CPU
		{B551A14B-B770-476B-A0F1-A73C74BB0A91}.Debug|Any CPU.Build.0 = Debug|Any CPU
		{B551A14B-B770-476B-A0F1-A73C74BB0A91}.Release|Any CPU.ActiveCfg = Release|Any CPU
		{B551A14B-B770-476B-A0F1-A73C74BB0A91}.Release|Any CPU.Build.0 = Release|Any CPU
	EndGlobalSection
	GlobalSection(SolutionProperties) = preSolution
		HideSolutionNode = FALSE
	EndGlobalSection
	GlobalSection(ExtensibilityGlobals) = postSolution
		SolutionGuid = {89434F6C-D8FC-4772-B01D-98C4683CCC0A}
	EndGlobalSection
EndGlobal
